<?xml version="1.0" encoding="utf-8"?>
<Project ToolsVersion="4.0" xmlns="http://schemas.microsoft.com/developer/msbuild/2003">
  <ItemGroup>
    <Filter Include="Source files">
      <UniqueIdentifier>{C018D4E9-1740-0D54-10D5-8B2A548825E7}</UniqueIdentifier>
    </Filter>
    <Filter Include="Header files">
      <UniqueIdentifier>{7092B76B-11CA-045B-0A6E-6953D8FFBAD7}</UniqueIdentifier>
    </Filter>
    <Filter Include="Source files\IVtkDraw">
      <UniqueIdentifier>{43B8DAA1-119B-0F42-1050-15A2C5714688}</UniqueIdentifier>
    </Filter>
    <Filter Include="Header files\IVtkDraw">
      <UniqueIdentifier>{CDA30D68-0C16-1495-0658-223C1496516C}</UniqueIdentifier>
    </Filter>
  </ItemGroup>
  <ItemGroup>
    <ClCompile Include="..\..\..\src\IVtkDraw\IVtkDraw.cxx">
      <Filter>Source files\IVtkDraw</Filter>
    </ClCompile>
    <ClCompile Include="..\..\..\src\IVtkDraw\IVtkDraw_HighlightAndSelectionPipeline.cxx">
      <Filter>Source files\IVtkDraw</Filter>
    </ClCompile>
    <ClCompile Include="..\..\..\src\IVtkDraw\IVtkDraw_Interactor.cxx">
      <Filter>Source files\IVtkDraw</Filter>
    </ClCompile>
  </ItemGroup>
  <ItemGroup>
    <ClInclude Include="..\..\..\src\IVtkDraw\IVtkDraw.hxx">
      <Filter>Header files\IVtkDraw</Filter>
    </ClInclude>
    <ClInclude Include="..\..\..\src\IVtkDraw\IVtkDraw_HighlightAndSelectionPipeline.hxx">
      <Filter>Header files\IVtkDraw</Filter>
    </ClInclude>
    <ClInclude Include="..\..\..\src\IVtkDraw\IVtkDraw_Interactor.hxx">
      <Filter>Header files\IVtkDraw</Filter>
    </ClInclude>
  </ItemGroup>
  <ItemGroup>
    <ResourceCompile Include="TKIVtkDraw.rc" />
  </ItemGroup>
</Project>
