<?xml version="1.0" encoding="utf-8"?>
<Project ToolsVersion="4.0" xmlns="http://schemas.microsoft.com/developer/msbuild/2003">
  <ItemGroup>
    <Filter Include="Source files">
      <UniqueIdentifier>{8A4B6825-0D48-0C6F-146A-61EAF588AA35}</UniqueIdentifier>
    </Filter>
    <Filter Include="Header files">
      <UniqueIdentifier>{5E8E42DC-1129-1447-0E04-13BEA749D457}</UniqueIdentifier>
    </Filter>
    <Filter Include="Source files\XSDRAW">
      <UniqueIdentifier>{13C6FC76-0344-060A-1570-FEA3F2BD8A4E}</UniqueIdentifier>
    </Filter>
    <Filter Include="Source files\XSDRAWIGES">
      <UniqueIdentifier>{C32AA732-0115-123D-0529-F3AB4771DF87}</UniqueIdentifier>
    </Filter>
    <Filter Include="Source files\XSDRAWSTEP">
      <UniqueIdentifier>{0A1ADBE6-0851-02B9-0909-AACB02F60EE8}</UniqueIdentifier>
    </Filter>
    <Filter Include="Source files\XSDRAWSTLVRML">
      <UniqueIdentifier>{4CC7477A-0818-008A-0AA8-8EFE76E40299}</UniqueIdentifier>
    </Filter>
    <Filter Include="Header files\XSDRAW">
      <UniqueIdentifier>{669C3109-197E-065E-1921-5A02B66837F1}</UniqueIdentifier>
    </Filter>
    <Filter Include="Header files\XSDRAWIGES">
      <UniqueIdentifier>{30CB1EE6-0809-01C2-00B7-9EA4653B20C0}</UniqueIdentifier>
    </Filter>
    <Filter Include="Header files\XSDRAWSTEP">
      <UniqueIdentifier>{E35A6794-0BE3-1122-121C-B067BA6A14E7}</UniqueIdentifier>
    </Filter>
    <Filter Include="Header files\XSDRAWSTLVRML">
      <UniqueIdentifier>{825198FB-12E8-13DB-0617-77125C56693B}</UniqueIdentifier>
    </Filter>
  </ItemGroup>
  <ItemGroup>
    <ClCompile Include="..\..\..\src\XSDRAW\XSDRAW.cxx">
      <Filter>Source files\XSDRAW</Filter>
    </ClCompile>
    <ClCompile Include="..\..\..\src\XSDRAW\XSDRAW_Functions.cxx">
      <Filter>Source files\XSDRAW</Filter>
    </ClCompile>
    <ClCompile Include="..\..\..\src\XSDRAW\XSDRAW_Vars.cxx">
      <Filter>Source files\XSDRAW</Filter>
    </ClCompile>
    <ClCompile Include="..\..\..\src\XSDRAWIGES\XSDRAWIGES.cxx">
      <Filter>Source files\XSDRAWIGES</Filter>
    </ClCompile>
    <ClCompile Include="..\..\..\src\XSDRAWSTEP\XSDRAWSTEP.cxx">
      <Filter>Source files\XSDRAWSTEP</Filter>
    </ClCompile>
    <ClCompile Include="..\..\..\src\XSDRAWSTLVRML\XSDRAWSTLVRML.cxx">
      <Filter>Source files\XSDRAWSTLVRML</Filter>
    </ClCompile>
    <ClCompile Include="..\..\..\src\XSDRAWSTLVRML\XSDRAWSTLVRML_DataSource.cxx">
      <Filter>Source files\XSDRAWSTLVRML</Filter>
    </ClCompile>
    <ClCompile Include="..\..\..\src\XSDRAWSTLVRML\XSDRAWSTLVRML_DataSource3D.cxx">
      <Filter>Source files\XSDRAWSTLVRML</Filter>
    </ClCompile>
    <ClCompile Include="..\..\..\src\XSDRAWSTLVRML\XSDRAWSTLVRML_DrawableMesh.cxx">
      <Filter>Source files\XSDRAWSTLVRML</Filter>
    </ClCompile>
  </ItemGroup>
  <ItemGroup>
    <ClInclude Include="..\..\..\src\XSDRAW\XSDRAW.hxx">
      <Filter>Header files\XSDRAW</Filter>
    </ClInclude>
    <ClInclude Include="..\..\..\src\XSDRAW\XSDRAW_Functions.hxx">
      <Filter>Header files\XSDRAW</Filter>
    </ClInclude>
    <ClInclude Include="..\..\..\src\XSDRAW\XSDRAW_Vars.hxx">
      <Filter>Header files\XSDRAW</Filter>
    </ClInclude>
    <ClInclude Include="..\..\..\src\XSDRAWIGES\XSDRAWIGES.hxx">
      <Filter>Header files\XSDRAWIGES</Filter>
    </ClInclude>
    <ClInclude Include="..\..\..\src\XSDRAWSTEP\XSDRAWSTEP.hxx">
      <Filter>Header files\XSDRAWSTEP</Filter>
    </ClInclude>
    <ClInclude Include="..\..\..\src\XSDRAWSTLVRML\XSDRAWSTLVRML.hxx">
      <Filter>Header files\XSDRAWSTLVRML</Filter>
    </ClInclude>
    <ClInclude Include="..\..\..\src\XSDRAWSTLVRML\XSDRAWSTLVRML_CoordsMap.hxx">
      <Filter>Header files\XSDRAWSTLVRML</Filter>
    </ClInclude>
    <ClInclude Include="..\..\..\src\XSDRAWSTLVRML\XSDRAWSTLVRML_DataMapIteratorOfCoordsMap.hxx">
      <Filter>Header files\XSDRAWSTLVRML</Filter>
    </ClInclude>
    <ClInclude Include="..\..\..\src\XSDRAWSTLVRML\XSDRAWSTLVRML_DataMapIteratorOfElemNodesMap.hxx">
      <Filter>Header files\XSDRAWSTLVRML</Filter>
    </ClInclude>
    <ClInclude Include="..\..\..\src\XSDRAWSTLVRML\XSDRAWSTLVRML_DataSource.hxx">
      <Filter>Header files\XSDRAWSTLVRML</Filter>
    </ClInclude>
    <ClInclude Include="..\..\..\src\XSDRAWSTLVRML\XSDRAWSTLVRML_DataSource3D.hxx">
      <Filter>Header files\XSDRAWSTLVRML</Filter>
    </ClInclude>
    <ClInclude Include="..\..\..\src\XSDRAWSTLVRML\XSDRAWSTLVRML_DrawableMesh.hxx">
      <Filter>Header files\XSDRAWSTLVRML</Filter>
    </ClInclude>
    <ClInclude Include="..\..\..\src\XSDRAWSTLVRML\XSDRAWSTLVRML_ElemNodesMap.hxx">
      <Filter>Header files\XSDRAWSTLVRML</Filter>
    </ClInclude>
  </ItemGroup>
  <ItemGroup>
    <ResourceCompile Include="TKXSDRAW.rc" />
  </ItemGroup>
</Project>
