// !$*UTF8*$!
{
	archiveVersion = 1;
	classes = {
	};
	objectVersion = 46;
	objects = {

		0CE0149C105A088E192B03A6 = {isa = PBXBuildFile; fileRef = 146A0476087C049116691875 ;};
		15EF06030CBF027F0ABC0974 = {isa = PBXBuildFile; fileRef = 0DEF0BEC03170C830778123D ;};
		06AE08430C7D04F302EF05C5 = {isa = PBXBuildFile; fileRef = 047917ED0D730727020F0163 ;};
		1260087418B60F0B11780AB9 = {isa = PBXBuildFile; fileRef = 0F3F143F086108030BD310C1 ;};
		0A9D0E8D0C5310A0138D088A = {isa = PBXBuildFile; fileRef = 05E60B21094813C60B770E1F ;};
		11BF109C101003A50FCE044D = {isa = PBXBuildFile; fileRef = 0FE3131B0D9707B010F709AC ;};
		096C0B40039112CB100E06B1 = {isa = PBXBuildFile; fileRef = 01BC10D90085172A018A06FF ;};
		16A401EA03F10B9217A1068D = {isa = PBXBuildFile; fileRef = 001E0F95110D180300F1170F ;};
		1048146C111115570097077A = {isa = PBXBuildFile; fileRef = 018715BD1185030E12D514DD ;};

		116A032C017517AE09DB0674 = {isa = PBXBuildFile; fileRef = 0D5E0CFF0FD4006118300144 ; };
		055017A50C6C12C602C60832 = {isa = PBXBuildFile; fileRef = 04DE0CF70E6902F511EF0AB3 ; };
		065B07A2132B07A608F716EB = {isa = PBXBuildFile; fileRef = 0B7C0F0D0967096F01E70FF1 ; };
		102C1132173512B50C7A017A = {isa = PBXBuildFile; fileRef = 131E151C12D018AE15D1072F ; };
		0208190109AA18750822121E = {isa = PBXBuildFile; fileRef = 0987169909CE046B0BA7090B ; };
		08F207D70977032E0B890377 = {isa = PBXBuildFile; fileRef = 0F5800F01402137804E509FC ; };
		0B1B03F20B84102E07930D30 = {isa = PBXBuildFile; fileRef = 10631775126F10EA168010FF ; };
		0442191F023C0CF509290F42 = {isa = PBXBuildFile; fileRef = 0A3C11FF17B51102139212C3 ; };
		170515640C3509DB009A07BD = {isa = PBXBuildFile; fileRef = 05CB096A02FC126818E402C0 ; };
		1900080C0E5001F40BB00912 = {isa = PBXBuildFile; fileRef = 0532141B00C80095075511FC ; };
		0D4C113201E408A404A903F2 = {isa = PBXBuildFile; fileRef = 1155146E125F0CF90CBA0582 ; };
		042D106615B5191C015D16DA = {isa = PBXBuildFile; fileRef = 11C906310F21028F0CB509E8 ; };
		10C40FF2063F182D19121058 = {isa = PBXBuildFile; fileRef = 052B126106BC0D240CC8097F ; };
		193A0AFB035114CC1470160C = {isa = PBXBuildFile; fileRef = 19150F8417CD04230B56164A ; };
		068E195E163207A30D8202E3 = {isa = PBXBuildFile; fileRef = 0C79003714DA12030E81114C ; };
		05D400C1054003DB0CC00022 = {isa = PBXBuildFile; fileRef = 141E0BB315F0139017A50605 ; };
		13AF0434090E0C7E143604D8 = {isa = PBXBuildFile; fileRef = 1427196F07AD05671203075D ; };
		161416770F5E097A104F05D0 = {isa = PBXBuildFile; fileRef = 0953184C125E0D1104850030 ; };
		0A85032C0061193909B703B7 = {isa = PBXBuildFile; fileRef = 108E189307F804550F970D41 ; };
		11D6001412B40C0307A3024C = {isa = PBXBuildFile; fileRef = 03F70657111C09B70482126E ; };
		100F09600F99192916D50809 = {isa = PBXBuildFile; fileRef = 0B2E167E0FAC05DA0F490129 ; };
		188311BB127410D8061B02E0 = {isa = PBXBuildFile; fileRef = 03550D7F0F12160604E3097F ; };
		18CD185D099215A109010A2A = {isa = PBXBuildFile; fileRef = 1003149501A812DD00AC1582 ; };
		0B2C0149046712A70CBA068F = {isa = PBXBuildFile; fileRef = 11C70D5F07DD039E0E050D0B ; };

		0DB81965189D058A0B1E0F5C = {isa = PBXFileReference; explicitFileType = "compiled.mach-o.dylib"; includeInIndex = 0; path = libTKXSDRAW.dylib; sourceTree = BUILT_PRODUCTS_DIR; };

		146A0476087C049116691875 = {isa = PBXFileReference; fileEncoding = 4; lastKnownFileType = sourcecode.cpp.cpp; name = XSDRAW.cxx; path = ../../../src/XSDRAW/XSDRAW.cxx; sourceTree = "<group>"; };
		0DEF0BEC03170C830778123D = {isa = PBXFileReference; fileEncoding = 4; lastKnownFileType = sourcecode.cpp.cpp; name = XSDRAW_Functions.cxx; path = ../../../src/XSDRAW/XSDRAW_Functions.cxx; sourceTree = "<group>"; };
		047917ED0D730727020F0163 = {isa = PBXFileReference; fileEncoding = 4; lastKnownFileType = sourcecode.cpp.cpp; name = XSDRAW_Vars.cxx; path = ../../../src/XSDRAW/XSDRAW_Vars.cxx; sourceTree = "<group>"; };
		0F3F143F086108030BD310C1 = {isa = PBXFileReference; fileEncoding = 4; lastKnownFileType = sourcecode.cpp.cpp; name = XSDRAWIGES.cxx; path = ../../../src/XSDRAWIGES/XSDRAWIGES.cxx; sourceTree = "<group>"; };
		05E60B21094813C60B770E1F = {isa = PBXFileReference; fileEncoding = 4; lastKnownFileType = sourcecode.cpp.cpp; name = XSDRAWSTEP.cxx; path = ../../../src/XSDRAWSTEP/XSDRAWSTEP.cxx; sourceTree = "<group>"; };
		0FE3131B0D9707B010F709AC = {isa = PBXFileReference; fileEncoding = 4; lastKnownFileType = sourcecode.cpp.cpp; name = XSDRAWSTLVRML.cxx; path = ../../../src/XSDRAWSTLVRML/XSDRAWSTLVRML.cxx; sourceTree = "<group>"; };
		01BC10D90085172A018A06FF = {isa = PBXFileReference; fileEncoding = 4; lastKnownFileType = sourcecode.cpp.cpp; name = XSDRAWSTLVRML_DataSource.cxx; path = ../../../src/XSDRAWSTLVRML/XSDRAWSTLVRML_DataSource.cxx; sourceTree = "<group>"; };
		001E0F95110D180300F1170F = {isa = PBXFileReference; fileEncoding = 4; lastKnownFileType = sourcecode.cpp.cpp; name = XSDRAWSTLVRML_DataSource3D.cxx; path = ../../../src/XSDRAWSTLVRML/XSDRAWSTLVRML_DataSource3D.cxx; sourceTree = "<group>"; };
		018715BD1185030E12D514DD = {isa = PBXFileReference; fileEncoding = 4; lastKnownFileType = sourcecode.cpp.cpp; name = XSDRAWSTLVRML_DrawableMesh.cxx; path = ../../../src/XSDRAWSTLVRML/XSDRAWSTLVRML_DrawableMesh.cxx; sourceTree = "<group>"; };

		0D5E0CFF0FD4006118300144 = {isa = PBXFileReference; lastKnownFileType = file; name = libTKBRep.dylib; path = libTKBRep.dylib; sourceTree = "<group>"; };
		04DE0CF70E6902F511EF0AB3 = {isa = PBXFileReference; lastKnownFileType = file; name = libTKV3d.dylib; path = libTKV3d.dylib; sourceTree = "<group>"; };
		0B7C0F0D0967096F01E70FF1 = {isa = PBXFileReference; lastKnownFileType = file; name = libTKMath.dylib; path = libTKMath.dylib; sourceTree = "<group>"; };
		131E151C12D018AE15D1072F = {isa = PBXFileReference; lastKnownFileType = file; name = libTKernel.dylib; path = libTKernel.dylib; sourceTree = "<group>"; };
		0987169909CE046B0BA7090B = {isa = PBXFileReference; lastKnownFileType = file; name = libTKService.dylib; path = libTKService.dylib; sourceTree = "<group>"; };
		0F5800F01402137804E509FC = {isa = PBXFileReference; lastKnownFileType = file; name = libTKXSBase.dylib; path = libTKXSBase.dylib; sourceTree = "<group>"; };
		10631775126F10EA168010FF = {isa = PBXFileReference; lastKnownFileType = file; name = libTKMeshVS.dylib; path = libTKMeshVS.dylib; sourceTree = "<group>"; };
		0A3C11FF17B51102139212C3 = {isa = PBXFileReference; lastKnownFileType = file; name = libTKG3d.dylib; path = libTKG3d.dylib; sourceTree = "<group>"; };
		05CB096A02FC126818E402C0 = {isa = PBXFileReference; lastKnownFileType = file; name = libTKViewerTest.dylib; path = libTKViewerTest.dylib; sourceTree = "<group>"; };
		0532141B00C80095075511FC = {isa = PBXFileReference; lastKnownFileType = file; name = libTKG2d.dylib; path = libTKG2d.dylib; sourceTree = "<group>"; };
		1155146E125F0CF90CBA0582 = {isa = PBXFileReference; lastKnownFileType = file; name = libTKSTEPBase.dylib; path = libTKSTEPBase.dylib; sourceTree = "<group>"; };
		11C906310F21028F0CB509E8 = {isa = PBXFileReference; lastKnownFileType = file; name = libTKTopAlgo.dylib; path = libTKTopAlgo.dylib; sourceTree = "<group>"; };
		052B126106BC0D240CC8097F = {isa = PBXFileReference; lastKnownFileType = file; name = libTKGeomBase.dylib; path = libTKGeomBase.dylib; sourceTree = "<group>"; };
		19150F8417CD04230B56164A = {isa = PBXFileReference; lastKnownFileType = file; name = libTKGeomAlgo.dylib; path = libTKGeomAlgo.dylib; sourceTree = "<group>"; };
		0C79003714DA12030E81114C = {isa = PBXFileReference; lastKnownFileType = file; name = libTKMesh.dylib; path = libTKMesh.dylib; sourceTree = "<group>"; };
		141E0BB315F0139017A50605 = {isa = PBXFileReference; lastKnownFileType = file; name = libTKDraw.dylib; path = libTKDraw.dylib; sourceTree = "<group>"; };
		1427196F07AD05671203075D = {isa = PBXFileReference; lastKnownFileType = file; name = libTKSTEP.dylib; path = libTKSTEP.dylib; sourceTree = "<group>"; };
		0953184C125E0D1104850030 = {isa = PBXFileReference; lastKnownFileType = file; name = libTKIGES.dylib; path = libTKIGES.dylib; sourceTree = "<group>"; };
		108E189307F804550F970D41 = {isa = PBXFileReference; lastKnownFileType = file; name = libTKSTL.dylib; path = libTKSTL.dylib; sourceTree = "<group>"; };
		03F70657111C09B70482126E = {isa = PBXFileReference; lastKnownFileType = file; name = libTKVRML.dylib; path = libTKVRML.dylib; sourceTree = "<group>"; };
		0B2E167E0FAC05DA0F490129 = {isa = PBXFileReference; lastKnownFileType = file; name = libTKLCAF.dylib; path = libTKLCAF.dylib; sourceTree = "<group>"; };
		03550D7F0F12160604E3097F = {isa = PBXFileReference; lastKnownFileType = file; name = libTKDCAF.dylib; path = libTKDCAF.dylib; sourceTree = "<group>"; };
		1003149501A812DD00AC1582 = {isa = PBXFileReference; lastKnownFileType = file; name = libTKXCAF.dylib; path = libTKXCAF.dylib; sourceTree = "<group>"; };
		11C70D5F07DD039E0E050D0B = {isa = PBXFileReference; lastKnownFileType = file; name = libTKRWMesh.dylib; path = libTKRWMesh.dylib; sourceTree = "<group>"; };

		128A0E46061E06A5051716B6 = {
			isa = PBXFrameworksBuildPhase;
			buildActionMask = 2147483647;
			files = (
				116A032C017517AE09DB0674 ,
				055017A50C6C12C602C60832 ,
				065B07A2132B07A608F716EB ,
				102C1132173512B50C7A017A ,
				0208190109AA18750822121E ,
				08F207D70977032E0B890377 ,
				0B1B03F20B84102E07930D30 ,
				0442191F023C0CF509290F42 ,
				170515640C3509DB009A07BD ,
				1900080C0E5001F40BB00912 ,
				0D4C113201E408A404A903F2 ,
				042D106615B5191C015D16DA ,
				10C40FF2063F182D19121058 ,
				193A0AFB035114CC1470160C ,
				068E195E163207A30D8202E3 ,
				05D400C1054003DB0CC00022 ,
				13AF0434090E0C7E143604D8 ,
				161416770F5E097A104F05D0 ,
				0A85032C0061193909B703B7 ,
				11D6001412B40C0307A3024C ,
				100F09600F99192916D50809 ,
				188311BB127410D8061B02E0 ,
				18CD185D099215A109010A2A ,
				0B2C0149046712A70CBA068F ,

			);
			runOnlyForDeploymentPostprocessing = 0;
		};

		09C70B77086D113D0F7F0DD5 = {
			isa = PBXGroup;
			children = (
				146A0476087C049116691875 ,
				0DEF0BEC03170C830778123D ,
				047917ED0D730727020F0163 ,
			);
			name = XSDRAW;
			sourceTree = "<group>";
		};
		08C90AD004E1191917591531 = {
			isa = PBXGroup;
			children = (
				0F3F143F086108030BD310C1 ,
			);
			name = XSDRAWIGES;
			sourceTree = "<group>";
		};
		0E7318CB0746126A0D99002E = {
			isa = PBXGroup;
			children = (
				05E60B21094813C60B770E1F ,
			);
			name = XSDRAWSTEP;
			sourceTree = "<group>";
		};
		00B909BA171C0CCE00820F52 = {
			isa = PBXGroup;
			children = (
				0FE3131B0D9707B010F709AC ,
				01BC10D90085172A018A06FF ,
				001E0F95110D180300F1170F ,
				018715BD1185030E12D514DD ,
			);
			name = XSDRAWSTLVRML;
			sourceTree = "<group>";
		};

		1848089C1050076F13260F7D = {
			isa = PBXGroup;
			children = (
				0D5E0CFF0FD4006118300144 ,
				04DE0CF70E6902F511EF0AB3 ,
				0B7C0F0D0967096F01E70FF1 ,
				131E151C12D018AE15D1072F ,
				0987169909CE046B0BA7090B ,
				0F5800F01402137804E509FC ,
				10631775126F10EA168010FF ,
				0A3C11FF17B51102139212C3 ,
				05CB096A02FC126818E402C0 ,
				0532141B00C80095075511FC ,
				1155146E125F0CF90CBA0582 ,
				11C906310F21028F0CB509E8 ,
				052B126106BC0D240CC8097F ,
				19150F8417CD04230B56164A ,
				0C79003714DA12030E81114C ,
				141E0BB315F0139017A50605 ,
				1427196F07AD05671203075D ,
				0953184C125E0D1104850030 ,
				108E189307F804550F970D41 ,
				03F70657111C09B70482126E ,
				0B2E167E0FAC05DA0F490129 ,
				03550D7F0F12160604E3097F ,
				1003149501A812DD00AC1582 ,
				11C70D5F07DD039E0E050D0B ,

				16420B9A0478156519361586 ,
				0DB81965189D058A0B1E0F5C ,
			);
			sourceTree = "<group>";
		};
		16420B9A0478156519361586 = {
			isa = PBXGroup;
			children = (
				09C70B77086D113D0F7F0DD5 ,
				08C90AD004E1191917591531 ,
				0E7318CB0746126A0D99002E ,
				00B909BA171C0CCE00820F52 ,
			);
			name = "Source files";
			sourceTree = "<group>";
		};

		13D5091D193207C714BD14E4 = {
			isa = PBXHeadersBuildPhase;
			buildActionMask = 2147483647;
			files = (
			);
			runOnlyForDeploymentPostprocessing = 0;
		};

		1283029005E9005E133507CD = {
			isa = PBXNativeTarget;
			buildConfigurationList = 084A0B2717F3035104760841 ;
			buildPhases = (
				0FC20AA414F30ED5045B16DE ,
				128A0E46061E06A5051716B6 ,
				13D5091D193207C714BD14E4 ,
			);
			buildRules = (
			);
			dependencies = (
			);
			name = TKXSDRAW;
			productName = TKXSDRAW;
			productReference = 0DB81965189D058A0B1E0F5C ;
			productType = "com.apple.product-type.library.dynamic";
		};

		00DA11CC0F9A0C100E3106CB = {
			isa = PBXProject;
			attributes = {
				LastUpgradeCheck = 0430;
			};
			buildConfigurationList = 001B08431673187613BE0E46 ;
			compatibilityVersion = "Xcode 3.2";
			developmentRegion = English;
			hasScannedForEncodings = 0;
			knownRegions = (
				en,
			);
			mainGroup = 1848089C1050076F13260F7D;
			productRefGroup = 1848089C1050076F13260F7D;
			projectDirPath = "";
			projectRoot = "";
			targets = (
				1283029005E9005E133507CD ,
			);
		};

		0FC20AA414F30ED5045B16DE = {
			isa = PBXSourcesBuildPhase;
			buildActionMask = 2147483647;
			files = (
				0CE0149C105A088E192B03A6 ,
				15EF06030CBF027F0ABC0974 ,
				06AE08430C7D04F302EF05C5 ,
				1260087418B60F0B11780AB9 ,
				0A9D0E8D0C5310A0138D088A ,
				11BF109C101003A50FCE044D ,
				096C0B40039112CB100E06B1 ,
				16A401EA03F10B9217A1068D ,
				1048146C111115570097077A ,

			);
			runOnlyForDeploymentPostprocessing = 0;
		};

		009B0A1A0E4B109718BA11A5 = {
			isa = XCBuildConfiguration;
			buildSettings = {
				DEBUG_INFORMATION_FORMAT = dwarf;
				ALWAYS_SEARCH_USER_PATHS = NO;
				ARCHS = "$(ARCHS_STANDARD_64_BIT)";
				CLANG_CXX_LIBRARY = "libc++";
				CLANG_CXX_LANGUAGE_STANDARD = "c++0x";
				COPY_PHASE_STRIP = NO;
				GCC_C_LANGUAGE_STANDARD = gnu99;
				GCC_DYNAMIC_NO_PIC = NO;
				GCC_ENABLE_OBJC_EXCEPTIONS = YES;
				GCC_OPTIMIZATION_LEVEL = 0;
				GCC_PREPROCESSOR_DEFINITIONS = (
					"DEBUG=1",
					"$(inherited)",
				);
				GCC_SYMBOLS_PRIVATE_EXTERN = NO;
				GCC_VERSION = com.apple.compilers.llvm.clang.1_0;
				GCC_WARN_64_TO_32_BIT_CONVERSION = YES;
				GCC_WARN_ABOUT_RETURN_TYPE = YES;
				GCC_WARN_UNINITIALIZED_AUTOS = YES;
				GCC_WARN_UNUSED_VARIABLE = YES;
				OTHER_LDFLAGS = "$(CSF_OPT_LNK64D)"; 
				ONLY_ACTIVE_ARCH = YES;
			};
			name = Debug;
		};
		13B613B2083007A214D9144F = {
			isa = XCBuildConfiguration;
			buildSettings = {
				DEBUG_INFORMATION_FORMAT = "dwarf-with-dsym";
				ALWAYS_SEARCH_USER_PATHS = NO;
				ARCHS = "$(ARCHS_STANDARD_64_BIT)";
				CLANG_CXX_LIBRARY = "libc++";
				CLANG_CXX_LANGUAGE_STANDARD = "c++0x";
				COPY_PHASE_STRIP = YES;
				GCC_C_LANGUAGE_STANDARD = gnu99;
				GCC_ENABLE_OBJC_EXCEPTIONS = YES;
				DEAD_CODE_STRIPPING = NO;
				GCC_OPTIMIZATION_LEVEL = 2;
				GCC_VERSION = com.apple.compilers.llvm.clang.1_0;
				GCC_WARN_64_TO_32_BIT_CONVERSION = YES;
				GCC_WARN_ABOUT_RETURN_TYPE = YES;
				GCC_WARN_UNINITIALIZED_AUTOS = YES;
				GCC_WARN_UNUSED_VARIABLE = YES;
				OTHER_LDFLAGS = "$(CSF_OPT_LNK64)";
			};
			name = Release;
		};
		0CD80199023E0C1B02BF1901 = {
			isa = XCBuildConfiguration;
			buildSettings = {
				EXECUTABLE_EXTENSION = dylib;
				EXECUTABLE_PREFIX = lib;
				GCC_PREPROCESSOR_DEFINITIONS = (
					OCC_CONVERT_SIGNALS ,
				);
				HEADER_SEARCH_PATHS = (
					../../../inc,
					,
					/Users/mnt/builds/WEEK-39/OCCT_SRC/inc,
					"$(CSF_OPT_INC)",
				);
				LIBRARY_SEARCH_PATHS = (
					,
					/Users/mnt/builds/WEEK-39/OCCT_SRC/adm/mac/xcd/build/Release,
				);
				OTHER_CFLAGS = (
					"$(CSF_OPT_CMPL)",
				);
				OTHER_CPLUSPLUSFLAGS = (
					"$(OTHER_CFLAGS)",
				);
				PRODUCT_NAME = "$(TARGET_NAME)";
				USER_HEADER_SEARCH_PATHS = " ../../../inc  /Users/mnt/builds/WEEK-39/OCCT_SRC/inc";
				WRAPPER_EXTENSION = dylib;
			};
			name = Debug;
		};
		081106AA0557036310440E2A = {
			isa = XCBuildConfiguration;
			buildSettings = {
				EXECUTABLE_EXTENSION = dylib;
				EXECUTABLE_PREFIX = lib;
				GCC_PREPROCESSOR_DEFINITIONS = (
					OCC_CONVERT_SIGNALS ,
				);
				HEADER_SEARCH_PATHS = (
					../../../inc,
					,
					/Users/mnt/builds/WEEK-39/OCCT_SRC/inc,
					"$(CSF_OPT_INC)",
				);
				LIBRARY_SEARCH_PATHS = (
					,
					/Users/mnt/builds/WEEK-39/OCCT_SRC/adm/mac/xcd/build/Release,
				);
				OTHER_CFLAGS = (
					"$(CSF_OPT_CMPL)",
				);
				OTHER_CPLUSPLUSFLAGS = (
					"$(OTHER_CFLAGS)",
				);
				PRODUCT_NAME = "$(TARGET_NAME)";
				USER_HEADER_SEARCH_PATHS = " ../../../inc  /Users/mnt/builds/WEEK-39/OCCT_SRC/inc";
				WRAPPER_EXTENSION = dylib;
			};
			name = Release;
		};

		001B08431673187613BE0E46 = {
			isa = XCConfigurationList;
		buildConfigurations = (
				009B0A1A0E4B109718BA11A5 ,
				13B613B2083007A214D9144F ,
			);
			defaultConfigurationIsVisible = 0;
			defaultConfigurationName = Release;
		};
		084A0B2717F3035104760841 = {
			isa = XCConfigurationList;
			buildConfigurations = (
				0CD80199023E0C1B02BF1901 ,
				081106AA0557036310440E2A ,
			);
			defaultConfigurationIsVisible = 0;
			defaultConfigurationName = Release;
		};

	};
	rootObject = 00DA11CC0F9A0C100E3106CB ;
}
