<?xml version="1.0" encoding="utf-8"?>
<Project ToolsVersion="4.0" xmlns="http://schemas.microsoft.com/developer/msbuild/2003">
  <ItemGroup>
    <Filter Include="Source files">
      <UniqueIdentifier>{1DA999F6-155A-1353-1553-C63CF5CC0795}</UniqueIdentifier>
    </Filter>
    <Filter Include="Header files">
      <UniqueIdentifier>{05D4F19D-1472-0BED-150F-36DF6E86C5F2}</UniqueIdentifier>
    </Filter>
    <Filter Include="Source files\D3DHost">
      <UniqueIdentifier>{2DCB0B56-1931-1287-0F9F-8211E36452F5}</UniqueIdentifier>
    </Filter>
    <Filter Include="Header files\D3DHost">
      <UniqueIdentifier>{8270C62B-00E4-08FD-0668-8C840F3221B0}</UniqueIdentifier>
    </Filter>
  </ItemGroup>
  <ItemGroup>
    <ClCompile Include="..\..\..\src\D3DHost\D3DHost_FrameBuffer.cxx">
      <Filter>Source files\D3DHost</Filter>
    </ClCompile>
    <ClCompile Include="..\..\..\src\D3DHost\D3DHost_GraphicDriver.cxx">
      <Filter>Source files\D3DHost</Filter>
    </ClCompile>
    <ClCompile Include="..\..\..\src\D3DHost\D3DHost_GraphicDriverFactory.cxx">
      <Filter>Source files\D3DHost</Filter>
    </ClCompile>
    <ClCompile Include="..\..\..\src\D3DHost\D3DHost_View.cxx">
      <Filter>Source files\D3DHost</Filter>
    </ClCompile>
  </ItemGroup>
  <ItemGroup>
    <ClInclude Include="..\..\..\src\D3DHost\D3DHost_FrameBuffer.hxx">
      <Filter>Header files\D3DHost</Filter>
    </ClInclude>
    <ClInclude Include="..\..\..\src\D3DHost\D3DHost_GraphicDriver.hxx">
      <Filter>Header files\D3DHost</Filter>
    </ClInclude>
    <ClInclude Include="..\..\..\src\D3DHost\D3DHost_GraphicDriverFactory.hxx">
      <Filter>Header files\D3DHost</Filter>
    </ClInclude>
    <ClInclude Include="..\..\..\src\D3DHost\D3DHost_View.hxx">
      <Filter>Header files\D3DHost</Filter>
    </ClInclude>
  </ItemGroup>
  <ItemGroup>
    <ResourceCompile Include="TKD3DHost.rc" />
  </ItemGroup>
</Project>
