<?xml version="1.0" encoding="utf-8"?>
<Project ToolsVersion="4.0" xmlns="http://schemas.microsoft.com/developer/msbuild/2003">
  <ItemGroup>
    <Filter Include="Source files">
      <UniqueIdentifier>{E6993EA5-0DC0-09EB-1651-ADD805416677}</UniqueIdentifier>
    </Filter>
    <Filter Include="Header files">
      <UniqueIdentifier>{AE1904AE-10A5-1880-00AB-92C7114B685E}</UniqueIdentifier>
    </Filter>
    <Filter Include="Source files\DDF">
      <UniqueIdentifier>{B108802A-0B36-10F7-16C4-084A624B873B}</UniqueIdentifier>
    </Filter>
    <Filter Include="Source files\DDocStd">
      <UniqueIdentifier>{9B698552-0347-10BF-0C3B-0A289BF006CE}</UniqueIdentifier>
    </Filter>
    <Filter Include="Source files\DNaming">
      <UniqueIdentifier>{4EFBE657-175D-0917-0213-67AAADF6775A}</UniqueIdentifier>
    </Filter>
    <Filter Include="Source files\DDataStd">
      <UniqueIdentifier>{15DFC011-0995-0686-0972-3E3011C5BCA0}</UniqueIdentifier>
    </Filter>
    <Filter Include="Source files\DPrsStd">
      <UniqueIdentifier>{E2D6D468-06BA-097C-18DE-FB4D027CC3EF}</UniqueIdentifier>
    </Filter>
    <Filter Include="Source files\DrawDim">
      <UniqueIdentifier>{23BDB587-0764-16DE-091E-4E575E49F82C}</UniqueIdentifier>
    </Filter>
    <Filter Include="Header files\DDF">
      <UniqueIdentifier>{443A6595-0815-041D-11C9-F3E312C0CC5D}</UniqueIdentifier>
    </Filter>
    <Filter Include="Header files\DDocStd">
      <UniqueIdentifier>{A8EF147E-0781-05CC-06A8-6F2D1AFA2CA6}</UniqueIdentifier>
    </Filter>
    <Filter Include="Header files\DNaming">
      <UniqueIdentifier>{897FB922-088B-1606-09F2-E0F6935C56E4}</UniqueIdentifier>
    </Filter>
    <Filter Include="Header files\DDataStd">
      <UniqueIdentifier>{4C9705C4-1857-06A4-0288-4EAFC0F47962}</UniqueIdentifier>
    </Filter>
    <Filter Include="Header files\DPrsStd">
      <UniqueIdentifier>{4D3A73C3-0039-0590-148B-6218F253C045}</UniqueIdentifier>
    </Filter>
    <Filter Include="Header files\DrawDim">
      <UniqueIdentifier>{73FE7D44-1672-11C4-0394-1A9778CE7BA6}</UniqueIdentifier>
    </Filter>
  </ItemGroup>
  <ItemGroup>
    <ClCompile Include="..\..\..\src\DDF\DDF.cxx">
      <Filter>Source files\DDF</Filter>
    </ClCompile>
    <ClCompile Include="..\..\..\src\DDF\DDF_AttributeBrowser.cxx">
      <Filter>Source files\DDF</Filter>
    </ClCompile>
    <ClCompile Include="..\..\..\src\DDF\DDF_BasicCommands.cxx">
      <Filter>Source files\DDF</Filter>
    </ClCompile>
    <ClCompile Include="..\..\..\src\DDF\DDF_Browser.cxx">
      <Filter>Source files\DDF</Filter>
    </ClCompile>
    <ClCompile Include="..\..\..\src\DDF\DDF_BrowserCommands.cxx">
      <Filter>Source files\DDF</Filter>
    </ClCompile>
    <ClCompile Include="..\..\..\src\DDF\DDF_Data.cxx">
      <Filter>Source files\DDF</Filter>
    </ClCompile>
    <ClCompile Include="..\..\..\src\DDF\DDF_DataCommands.cxx">
      <Filter>Source files\DDF</Filter>
    </ClCompile>
    <ClCompile Include="..\..\..\src\DDF\DDF_Transaction.cxx">
      <Filter>Source files\DDF</Filter>
    </ClCompile>
    <ClCompile Include="..\..\..\src\DDF\DDF_TransactionCommands.cxx">
      <Filter>Source files\DDF</Filter>
    </ClCompile>
    <ClCompile Include="..\..\..\src\DDocStd\DDocStd.cxx">
      <Filter>Source files\DDocStd</Filter>
    </ClCompile>
    <ClCompile Include="..\..\..\src\DDocStd\DDocStd_ApplicationCommands.cxx">
      <Filter>Source files\DDocStd</Filter>
    </ClCompile>
    <ClCompile Include="..\..\..\src\DDocStd\DDocStd_DocumentCommands.cxx">
      <Filter>Source files\DDocStd</Filter>
    </ClCompile>
    <ClCompile Include="..\..\..\src\DDocStd\DDocStd_DrawDocument.cxx">
      <Filter>Source files\DDocStd</Filter>
    </ClCompile>
    <ClCompile Include="..\..\..\src\DDocStd\DDocStd_MTMCommands.cxx">
      <Filter>Source files\DDocStd</Filter>
    </ClCompile>
    <ClCompile Include="..\..\..\src\DDocStd\DDocStd_ShapeSchemaCommands.cxx">
      <Filter>Source files\DDocStd</Filter>
    </ClCompile>
    <ClCompile Include="..\..\..\src\DDocStd\DDocStd_ToolsCommands.cxx">
      <Filter>Source files\DDocStd</Filter>
    </ClCompile>
    <ClCompile Include="..\..\..\src\DNaming\DNaming.cxx">
      <Filter>Source files\DNaming</Filter>
    </ClCompile>
    <ClCompile Include="..\..\..\src\DNaming\DNaming_BasicCommands.cxx">
      <Filter>Source files\DNaming</Filter>
    </ClCompile>
    <ClCompile Include="..\..\..\src\DNaming\DNaming_BooleanOperationDriver.cxx">
      <Filter>Source files\DNaming</Filter>
    </ClCompile>
    <ClCompile Include="..\..\..\src\DNaming\DNaming_BoxDriver.cxx">
      <Filter>Source files\DNaming</Filter>
    </ClCompile>
    <ClCompile Include="..\..\..\src\DNaming\DNaming_CylinderDriver.cxx">
      <Filter>Source files\DNaming</Filter>
    </ClCompile>
    <ClCompile Include="..\..\..\src\DNaming\DNaming_FilletDriver.cxx">
      <Filter>Source files\DNaming</Filter>
    </ClCompile>
    <ClCompile Include="..\..\..\src\DNaming\DNaming_Line3DDriver.cxx">
      <Filter>Source files\DNaming</Filter>
    </ClCompile>
    <ClCompile Include="..\..\..\src\DNaming\DNaming_ModelingCommands.cxx">
      <Filter>Source files\DNaming</Filter>
    </ClCompile>
    <ClCompile Include="..\..\..\src\DNaming\DNaming_PointDriver.cxx">
      <Filter>Source files\DNaming</Filter>
    </ClCompile>
    <ClCompile Include="..\..\..\src\DNaming\DNaming_PrismDriver.cxx">
      <Filter>Source files\DNaming</Filter>
    </ClCompile>
    <ClCompile Include="..\..\..\src\DNaming\DNaming_RevolutionDriver.cxx">
      <Filter>Source files\DNaming</Filter>
    </ClCompile>
    <ClCompile Include="..\..\..\src\DNaming\DNaming_SelectionCommands.cxx">
      <Filter>Source files\DNaming</Filter>
    </ClCompile>
    <ClCompile Include="..\..\..\src\DNaming\DNaming_SelectionDriver.cxx">
      <Filter>Source files\DNaming</Filter>
    </ClCompile>
    <ClCompile Include="..\..\..\src\DNaming\DNaming_SphereDriver.cxx">
      <Filter>Source files\DNaming</Filter>
    </ClCompile>
    <ClCompile Include="..\..\..\src\DNaming\DNaming_ToolsCommands.cxx">
      <Filter>Source files\DNaming</Filter>
    </ClCompile>
    <ClCompile Include="..\..\..\src\DNaming\DNaming_TransformationDriver.cxx">
      <Filter>Source files\DNaming</Filter>
    </ClCompile>
    <ClCompile Include="..\..\..\src\DDataStd\DDataStd.cxx">
      <Filter>Source files\DDataStd</Filter>
    </ClCompile>
    <ClCompile Include="..\..\..\src\DDataStd\DDataStd_BasicCommands.cxx">
      <Filter>Source files\DDataStd</Filter>
    </ClCompile>
    <ClCompile Include="..\..\..\src\DDataStd\DDataStd_ConstraintCommands.cxx">
      <Filter>Source files\DDataStd</Filter>
    </ClCompile>
    <ClCompile Include="..\..\..\src\DDataStd\DDataStd_DatumCommands.cxx">
      <Filter>Source files\DDataStd</Filter>
    </ClCompile>
    <ClCompile Include="..\..\..\src\DDataStd\DDataStd_DrawDisplayCommands.cxx">
      <Filter>Source files\DDataStd</Filter>
    </ClCompile>
    <ClCompile Include="..\..\..\src\DDataStd\DDataStd_DrawDriver.cxx">
      <Filter>Source files\DDataStd</Filter>
    </ClCompile>
    <ClCompile Include="..\..\..\src\DDataStd\DDataStd_DrawPresentation.cxx">
      <Filter>Source files\DDataStd</Filter>
    </ClCompile>
    <ClCompile Include="..\..\..\src\DDataStd\DDataStd_NameCommands.cxx">
      <Filter>Source files\DDataStd</Filter>
    </ClCompile>
    <ClCompile Include="..\..\..\src\DDataStd\DDataStd_NamedShapeCommands.cxx">
      <Filter>Source files\DDataStd</Filter>
    </ClCompile>
    <ClCompile Include="..\..\..\src\DDataStd\DDataStd_ObjectCommands.cxx">
      <Filter>Source files\DDataStd</Filter>
    </ClCompile>
    <ClCompile Include="..\..\..\src\DDataStd\DDataStd_TreeBrowser.cxx">
      <Filter>Source files\DDataStd</Filter>
    </ClCompile>
    <ClCompile Include="..\..\..\src\DDataStd\DDataStd_TreeCommands.cxx">
      <Filter>Source files\DDataStd</Filter>
    </ClCompile>
    <ClCompile Include="..\..\..\src\DPrsStd\DPrsStd.cxx">
      <Filter>Source files\DPrsStd</Filter>
    </ClCompile>
    <ClCompile Include="..\..\..\src\DPrsStd\DPrsStd_AISPresentationCommands.cxx">
      <Filter>Source files\DPrsStd</Filter>
    </ClCompile>
    <ClCompile Include="..\..\..\src\DPrsStd\DPrsStd_AISViewerCommands.cxx">
      <Filter>Source files\DPrsStd</Filter>
    </ClCompile>
    <ClCompile Include="..\..\..\src\DrawDim\DrawDim.cxx">
      <Filter>Source files\DrawDim</Filter>
    </ClCompile>
    <ClCompile Include="..\..\..\src\DrawDim\DrawDim_Angle.cxx">
      <Filter>Source files\DrawDim</Filter>
    </ClCompile>
    <ClCompile Include="..\..\..\src\DrawDim\DrawDim_Dimension.cxx">
      <Filter>Source files\DrawDim</Filter>
    </ClCompile>
    <ClCompile Include="..\..\..\src\DrawDim\DrawDim_Distance.cxx">
      <Filter>Source files\DrawDim</Filter>
    </ClCompile>
    <ClCompile Include="..\..\..\src\DrawDim\DrawDim_PlanarAngle.cxx">
      <Filter>Source files\DrawDim</Filter>
    </ClCompile>
    <ClCompile Include="..\..\..\src\DrawDim\DrawDim_PlanarDiameter.cxx">
      <Filter>Source files\DrawDim</Filter>
    </ClCompile>
    <ClCompile Include="..\..\..\src\DrawDim\DrawDim_PlanarDimension.cxx">
      <Filter>Source files\DrawDim</Filter>
    </ClCompile>
    <ClCompile Include="..\..\..\src\DrawDim\DrawDim_PlanarDimensionCommands.cxx">
      <Filter>Source files\DrawDim</Filter>
    </ClCompile>
    <ClCompile Include="..\..\..\src\DrawDim\DrawDim_PlanarDistance.cxx">
      <Filter>Source files\DrawDim</Filter>
    </ClCompile>
    <ClCompile Include="..\..\..\src\DrawDim\DrawDim_PlanarRadius.cxx">
      <Filter>Source files\DrawDim</Filter>
    </ClCompile>
    <ClCompile Include="..\..\..\src\DrawDim\DrawDim_Radius.cxx">
      <Filter>Source files\DrawDim</Filter>
    </ClCompile>
  </ItemGroup>
  <ItemGroup>
    <ClInclude Include="..\..\..\src\DDF\DDF.hxx">
      <Filter>Header files\DDF</Filter>
    </ClInclude>
    <ClInclude Include="..\..\..\src\DDF\DDF_AttributeBrowser.hxx">
      <Filter>Header files\DDF</Filter>
    </ClInclude>
    <ClInclude Include="..\..\..\src\DDF\DDF_Browser.hxx">
      <Filter>Header files\DDF</Filter>
    </ClInclude>
    <ClInclude Include="..\..\..\src\DDF\DDF_Data.hxx">
      <Filter>Header files\DDF</Filter>
    </ClInclude>
    <ClInclude Include="..\..\..\src\DDF\DDF_ListIteratorOfTransactionStack.hxx">
      <Filter>Header files\DDF</Filter>
    </ClInclude>
    <ClInclude Include="..\..\..\src\DDF\DDF_Transaction.hxx">
      <Filter>Header files\DDF</Filter>
    </ClInclude>
    <ClInclude Include="..\..\..\src\DDF\DDF_TransactionStack.hxx">
      <Filter>Header files\DDF</Filter>
    </ClInclude>
    <ClInclude Include="..\..\..\src\DDocStd\DDocStd.hxx">
      <Filter>Header files\DDocStd</Filter>
    </ClInclude>
    <ClInclude Include="..\..\..\src\DDocStd\DDocStd_DrawDocument.hxx">
      <Filter>Header files\DDocStd</Filter>
    </ClInclude>
    <ClInclude Include="..\..\..\src\DNaming\DNaming.hxx">
      <Filter>Header files\DNaming</Filter>
    </ClInclude>
    <ClInclude Include="..\..\..\src\DNaming\DNaming_BooleanOperationDriver.hxx">
      <Filter>Header files\DNaming</Filter>
    </ClInclude>
    <ClInclude Include="..\..\..\src\DNaming\DNaming_BoxDriver.hxx">
      <Filter>Header files\DNaming</Filter>
    </ClInclude>
    <ClInclude Include="..\..\..\src\DNaming\DNaming_CylinderDriver.hxx">
      <Filter>Header files\DNaming</Filter>
    </ClInclude>
    <ClInclude Include="..\..\..\src\DNaming\DNaming_DataMapIteratorOfDataMapOfShapeOfName.hxx">
      <Filter>Header files\DNaming</Filter>
    </ClInclude>
    <ClInclude Include="..\..\..\src\DNaming\DNaming_DataMapOfShapeOfName.hxx">
      <Filter>Header files\DNaming</Filter>
    </ClInclude>
    <ClInclude Include="..\..\..\src\DNaming\DNaming_FilletDriver.hxx">
      <Filter>Header files\DNaming</Filter>
    </ClInclude>
    <ClInclude Include="..\..\..\src\DNaming\DNaming_Line3DDriver.hxx">
      <Filter>Header files\DNaming</Filter>
    </ClInclude>
    <ClInclude Include="..\..\..\src\DNaming\DNaming_PointDriver.hxx">
      <Filter>Header files\DNaming</Filter>
    </ClInclude>
    <ClInclude Include="..\..\..\src\DNaming\DNaming_PrismDriver.hxx">
      <Filter>Header files\DNaming</Filter>
    </ClInclude>
    <ClInclude Include="..\..\..\src\DNaming\DNaming_RevolutionDriver.hxx">
      <Filter>Header files\DNaming</Filter>
    </ClInclude>
    <ClInclude Include="..\..\..\src\DNaming\DNaming_SelectionDriver.hxx">
      <Filter>Header files\DNaming</Filter>
    </ClInclude>
    <ClInclude Include="..\..\..\src\DNaming\DNaming_SphereDriver.hxx">
      <Filter>Header files\DNaming</Filter>
    </ClInclude>
    <ClInclude Include="..\..\..\src\DNaming\DNaming_TransformationDriver.hxx">
      <Filter>Header files\DNaming</Filter>
    </ClInclude>
    <ClInclude Include="..\..\..\src\DNaming\ModelDefinitions.hxx">
      <Filter>Header files\DNaming</Filter>
    </ClInclude>
    <ClInclude Include="..\..\..\src\DDataStd\DDataStd.hxx">
      <Filter>Header files\DDataStd</Filter>
    </ClInclude>
    <ClInclude Include="..\..\..\src\DDataStd\DDataStd_DrawDriver.hxx">
      <Filter>Header files\DDataStd</Filter>
    </ClInclude>
    <ClInclude Include="..\..\..\src\DDataStd\DDataStd_DrawPresentation.hxx">
      <Filter>Header files\DDataStd</Filter>
    </ClInclude>
    <ClInclude Include="..\..\..\src\DDataStd\DDataStd_TreeBrowser.hxx">
      <Filter>Header files\DDataStd</Filter>
    </ClInclude>
    <ClInclude Include="..\..\..\src\DPrsStd\DPrsStd.hxx">
      <Filter>Header files\DPrsStd</Filter>
    </ClInclude>
    <ClInclude Include="..\..\..\src\DrawDim\DrawDim.hxx">
      <Filter>Header files\DrawDim</Filter>
    </ClInclude>
    <ClInclude Include="..\..\..\src\DrawDim\DrawDim_Angle.hxx">
      <Filter>Header files\DrawDim</Filter>
    </ClInclude>
    <ClInclude Include="..\..\..\src\DrawDim\DrawDim_Dimension.hxx">
      <Filter>Header files\DrawDim</Filter>
    </ClInclude>
    <ClInclude Include="..\..\..\src\DrawDim\DrawDim_Distance.hxx">
      <Filter>Header files\DrawDim</Filter>
    </ClInclude>
    <ClInclude Include="..\..\..\src\DrawDim\DrawDim_PlanarAngle.hxx">
      <Filter>Header files\DrawDim</Filter>
    </ClInclude>
    <ClInclude Include="..\..\..\src\DrawDim\DrawDim_PlanarDiameter.hxx">
      <Filter>Header files\DrawDim</Filter>
    </ClInclude>
    <ClInclude Include="..\..\..\src\DrawDim\DrawDim_PlanarDimension.hxx">
      <Filter>Header files\DrawDim</Filter>
    </ClInclude>
    <ClInclude Include="..\..\..\src\DrawDim\DrawDim_PlanarDistance.hxx">
      <Filter>Header files\DrawDim</Filter>
    </ClInclude>
    <ClInclude Include="..\..\..\src\DrawDim\DrawDim_PlanarRadius.hxx">
      <Filter>Header files\DrawDim</Filter>
    </ClInclude>
    <ClInclude Include="..\..\..\src\DrawDim\DrawDim_Radius.hxx">
      <Filter>Header files\DrawDim</Filter>
    </ClInclude>
  </ItemGroup>
  <ItemGroup>
    <ResourceCompile Include="TKDCAF.rc" />
  </ItemGroup>
</Project>
