<?xml version="1.0" encoding="utf-8"?>
<Project ToolsVersion="4.0" xmlns="http://schemas.microsoft.com/developer/msbuild/2003">
  <ItemGroup>
    <Filter Include="Source files">
      <UniqueIdentifier>{34512A8B-0F0D-116C-1724-6E22D2B037E3}</UniqueIdentifier>
    </Filter>
    <Filter Include="Header files">
      <UniqueIdentifier>{2526489F-02DE-1288-1042-A4FF276B87EF}</UniqueIdentifier>
    </Filter>
    <Filter Include="Source files\XmlDrivers">
      <UniqueIdentifier>{A95F33FA-048D-17F7-1815-C59677199564}</UniqueIdentifier>
    </Filter>
    <Filter Include="Source files\XmlMDataXtd">
      <UniqueIdentifier>{9F025815-0EBD-0E40-10EF-85DC544447FF}</UniqueIdentifier>
    </Filter>
    <Filter Include="Source files\XmlMNaming">
      <UniqueIdentifier>{D2D5C59D-1530-18C5-0F0D-0B9CE3690D91}</UniqueIdentifier>
    </Filter>
    <Filter Include="Header files\XmlDrivers">
      <UniqueIdentifier>{F9E752DC-0757-11DC-1692-F3659090F139}</UniqueIdentifier>
    </Filter>
    <Filter Include="Header files\XmlMDataXtd">
      <UniqueIdentifier>{CD052CA0-09A5-07B4-1467-79B6049D017A}</UniqueIdentifier>
    </Filter>
    <Filter Include="Header files\XmlMNaming">
      <UniqueIdentifier>{CC263E3E-0896-01B3-163D-AEFDCD98D1E2}</UniqueIdentifier>
    </Filter>
  </ItemGroup>
  <ItemGroup>
    <ClCompile Include="..\..\..\src\XmlDrivers\XmlDrivers.cxx">
      <Filter>Source files\XmlDrivers</Filter>
    </ClCompile>
    <ClCompile Include="..\..\..\src\XmlDrivers\XmlDrivers_DocumentRetrievalDriver.cxx">
      <Filter>Source files\XmlDrivers</Filter>
    </ClCompile>
    <ClCompile Include="..\..\..\src\XmlDrivers\XmlDrivers_DocumentStorageDriver.cxx">
      <Filter>Source files\XmlDrivers</Filter>
    </ClCompile>
    <ClCompile Include="..\..\..\src\XmlMDataXtd\XmlMDataXtd.cxx">
      <Filter>Source files\XmlMDataXtd</Filter>
    </ClCompile>
    <ClCompile Include="..\..\..\src\XmlMDataXtd\XmlMDataXtd_ConstraintDriver.cxx">
      <Filter>Source files\XmlMDataXtd</Filter>
    </ClCompile>
    <ClCompile Include="..\..\..\src\XmlMDataXtd\XmlMDataXtd_GeometryDriver.cxx">
      <Filter>Source files\XmlMDataXtd</Filter>
    </ClCompile>
    <ClCompile Include="..\..\..\src\XmlMDataXtd\XmlMDataXtd_PatternStdDriver.cxx">
      <Filter>Source files\XmlMDataXtd</Filter>
    </ClCompile>
    <ClCompile Include="..\..\..\src\XmlMDataXtd\XmlMDataXtd_PositionDriver.cxx">
      <Filter>Source files\XmlMDataXtd</Filter>
    </ClCompile>
    <ClCompile Include="..\..\..\src\XmlMDataXtd\XmlMDataXtd_PresentationDriver.cxx">
      <Filter>Source files\XmlMDataXtd</Filter>
    </ClCompile>
    <ClCompile Include="..\..\..\src\XmlMDataXtd\XmlMDataXtd_TriangulationDriver.cxx">
      <Filter>Source files\XmlMDataXtd</Filter>
    </ClCompile>
    <ClCompile Include="..\..\..\src\XmlMNaming\XmlMNaming.cxx">
      <Filter>Source files\XmlMNaming</Filter>
    </ClCompile>
    <ClCompile Include="..\..\..\src\XmlMNaming\XmlMNaming_NamedShapeDriver.cxx">
      <Filter>Source files\XmlMNaming</Filter>
    </ClCompile>
    <ClCompile Include="..\..\..\src\XmlMNaming\XmlMNaming_NamingDriver.cxx">
      <Filter>Source files\XmlMNaming</Filter>
    </ClCompile>
    <ClCompile Include="..\..\..\src\XmlMNaming\XmlMNaming_Shape1.cxx">
      <Filter>Source files\XmlMNaming</Filter>
    </ClCompile>
  </ItemGroup>
  <ItemGroup>
    <ClInclude Include="..\..\..\src\XmlDrivers\XmlDrivers.hxx">
      <Filter>Header files\XmlDrivers</Filter>
    </ClInclude>
    <ClInclude Include="..\..\..\src\XmlDrivers\XmlDrivers_DocumentRetrievalDriver.hxx">
      <Filter>Header files\XmlDrivers</Filter>
    </ClInclude>
    <ClInclude Include="..\..\..\src\XmlDrivers\XmlDrivers_DocumentStorageDriver.hxx">
      <Filter>Header files\XmlDrivers</Filter>
    </ClInclude>
    <ClInclude Include="..\..\..\src\XmlMDataXtd\XmlMDataXtd.hxx">
      <Filter>Header files\XmlMDataXtd</Filter>
    </ClInclude>
    <ClInclude Include="..\..\..\src\XmlMDataXtd\XmlMDataXtd_ConstraintDriver.hxx">
      <Filter>Header files\XmlMDataXtd</Filter>
    </ClInclude>
    <ClInclude Include="..\..\..\src\XmlMDataXtd\XmlMDataXtd_GeometryDriver.hxx">
      <Filter>Header files\XmlMDataXtd</Filter>
    </ClInclude>
    <ClInclude Include="..\..\..\src\XmlMDataXtd\XmlMDataXtd_PatternStdDriver.hxx">
      <Filter>Header files\XmlMDataXtd</Filter>
    </ClInclude>
    <ClInclude Include="..\..\..\src\XmlMDataXtd\XmlMDataXtd_PositionDriver.hxx">
      <Filter>Header files\XmlMDataXtd</Filter>
    </ClInclude>
    <ClInclude Include="..\..\..\src\XmlMDataXtd\XmlMDataXtd_PresentationDriver.hxx">
      <Filter>Header files\XmlMDataXtd</Filter>
    </ClInclude>
    <ClInclude Include="..\..\..\src\XmlMDataXtd\XmlMDataXtd_TriangulationDriver.hxx">
      <Filter>Header files\XmlMDataXtd</Filter>
    </ClInclude>
    <ClInclude Include="..\..\..\src\XmlMNaming\XmlMNaming.hxx">
      <Filter>Header files\XmlMNaming</Filter>
    </ClInclude>
    <ClInclude Include="..\..\..\src\XmlMNaming\XmlMNaming_NamedShapeDriver.hxx">
      <Filter>Header files\XmlMNaming</Filter>
    </ClInclude>
    <ClInclude Include="..\..\..\src\XmlMNaming\XmlMNaming_NamedShapeDriver.lxx">
      <Filter>Header files\XmlMNaming</Filter>
    </ClInclude>
    <ClInclude Include="..\..\..\src\XmlMNaming\XmlMNaming_NamingDriver.hxx">
      <Filter>Header files\XmlMNaming</Filter>
    </ClInclude>
    <ClInclude Include="..\..\..\src\XmlMNaming\XmlMNaming_Shape1.hxx">
      <Filter>Header files\XmlMNaming</Filter>
    </ClInclude>
  </ItemGroup>
  <ItemGroup>
    <ResourceCompile Include="TKXml.rc" />
  </ItemGroup>
</Project>
